{
  "name": "remark-comment",
  "version": "0.1.0",
  "lockfileVersion": 2,
  "requires": true,
  "packages": {
    "": {
      "name": "remark-comment",
      "version": "0.1.0",
      "license": "MIT",
      "dependencies": {
        "micromark-factory-space": "^1.0.0",
        "micromark-util-character": "^1.1.0",
        "micromark-util-symbol": "^1.0.1"
      }
    },
    "node_modules/micromark-factory-space": {
      "version": "1.0.0",
      "resolved": "https://registry.npmjs.org/micromark-factory-space/-/micromark-factory-space-1.0.0.tgz",
      "integrity": "sha512-qUmqs4kj9a5yBnk3JMLyjtWYN6Mzfcx8uJfi5XAveBniDevmZasdGBba5b4QsvRcAkmvGo5ACmSUmyGiKTLZew==",
      "funding": [
        {
          "type": "GitHub Sponsors",
          "url": "https://github.com/sponsors/unifiedjs"
        },
        {
          "type": "OpenCollective",
          "url": "https://opencollective.com/unified"
        }
      ],
      "dependencies": {
        "micromark-util-character": "^1.0.0",
        "micromark-util-types": "^1.0.0"
      }
    },
    "node_modules/micromark-util-character": {
      "version": "1.1.0",
      "resolved": "https://registry.npmjs.org/micromark-util-character/-/micromark-util-character-1.1.0.tgz",
      "integrity": "sha512-agJ5B3unGNJ9rJvADMJ5ZiYjBRyDpzKAOk01Kpi1TKhlT1APx3XZk6eN7RtSz1erbWHC2L8T3xLZ81wdtGRZzg==",
      "funding": [
        {
          "type": "GitHub Sponsors",
          "url": "https://github.com/sponsors/unifiedjs"
        },
        {
          "type": "OpenCollective",
          "url": "https://opencollective.com/unified"
        }
      ],
      "dependencies": {
        "micromark-util-symbol": "^1.0.0",
        "micromark-util-types": "^1.0.0"
      }
    },
    "node_modules/micromark-util-symbol": {
      "version": "1.0.1",
      "resolved": "https://registry.npmjs.org/micromark-util-symbol/-/micromark-util-symbol-1.0.1.tgz",
      "integrity": "sha512-oKDEMK2u5qqAptasDAwWDXq0tG9AssVwAx3E9bBF3t/shRIGsWIRG+cGafs2p/SnDSOecnt6hZPCE2o6lHfFmQ==",
      "funding": [
        {
          "type": "GitHub Sponsors",
          "url": "https://github.com/sponsors/unifiedjs"
        },
        {
          "type": "OpenCollective",
          "url": "https://opencollective.com/unified"
        }
      ]
    },
    "node_modules/micromark-util-types": {
      "version": "1.0.2",
      "resolved": "https://registry.npmjs.org/micromark-util-types/-/micromark-util-types-1.0.2.tgz",
      "integrity": "sha512-DCfg/T8fcrhrRKTPjRrw/5LLvdGV7BHySf/1LOZx7TzWZdYRjogNtyNq885z3nNallwr3QUKARjqvHqX1/7t+w==",
      "funding": [
        {
          "type": "GitHub Sponsors",
          "url": "https://github.com/sponsors/unifiedjs"
        },
        {
          "type": "OpenCollective",
          "url": "https://opencollective.com/unified"
        }
      ]
    }
  },
  "dependencies": {
    "micromark-factory-space": {
      "version": "1.0.0",
      "resolved": "https://registry.npmjs.org/micromark-factory-space/-/micromark-factory-space-1.0.0.tgz",
      "integrity": "sha512-qUmqs4kj9a5yBnk3JMLyjtWYN6Mzfcx8uJfi5XAveBniDevmZasdGBba5b4QsvRcAkmvGo5ACmSUmyGiKTLZew==",
      "requires": {
        "micromark-util-character": "^1.0.0",
        "micromark-util-types": "^1.0.0"
      }
    },
    "micromark-util-character": {
      "version": "1.1.0",
      "resolved": "https://registry.npmjs.org/micromark-util-character/-/micromark-util-character-1.1.0.tgz",
      "integrity": "sha512-agJ5B3unGNJ9rJvADMJ5ZiYjBRyDpzKAOk01Kpi1TKhlT1APx3XZk6eN7RtSz1erbWHC2L8T3xLZ81wdtGRZzg==",
      "requires": {
        "micromark-util-symbol": "^1.0.0",
        "micromark-util-types": "^1.0.0"
      }
    },
    "micromark-util-symbol": {
      "version": "1.0.1",
      "resolved": "https://registry.npmjs.org/micromark-util-symbol/-/micromark-util-symbol-1.0.1.tgz",
      "integrity": "sha512-oKDEMK2u5qqAptasDAwWDXq0tG9AssVwAx3E9bBF3t/shRIGsWIRG+cGafs2p/SnDSOecnt6hZPCE2o6lHfFmQ=="
    },
    "micromark-util-types": {
      "version": "1.0.2",
      "resolved": "https://registry.npmjs.org/micromark-util-types/-/micromark-util-types-1.0.2.tgz",
      "integrity": "sha512-DCfg/T8fcrhrRKTPjRrw/5LLvdGV7BHySf/1LOZx7TzWZdYRjogNtyNq885z3nNallwr3QUKARjqvHqX1/7t+w=="
    }
  }
}
